
Microsoft Visual Studio Solution File, Format Version 12.00
# Visual Studio 15
VisualStudioVersion = 15.0.27130.2036
MinimumVisualStudioVersion = 10.0.40219.1
Project("{9A19103F-16F7-4668-BE54-9A1E7A4F7556}") = "MagicMirror.ConsoleApp", "MagicMirror.ConsoleApp\MagicMirror.ConsoleApp.csproj", "{F8E9B67D-8E51-4F05-9F9F-0774DD65CE97}"
EndProject
Project("{9A19103F-16F7-4668-BE54-9A1E7A4F7556}") = "MagicMirror.DataAccess", "MagicMirror.DataAccess\MagicMirror.DataAccess.csproj", "{9FF244EA-D3C8-40BE-B89C-CD6912DC0713}"
EndProject
Project("{9A19103F-16F7-4668-BE54-9A1E7A4F7556}") = "MagicMirror.DataAccess.Entities", "MagicMirror.DataAccess.Entities\MagicMirror.DataAccess.Entities.csproj", "{2DC0B1C4-2F41-4CA9-9B46-22884D82F5C4}"
EndProject
Project("{FAE04EC0-301F-11D3-BF4B-00C04F79EFBC}") = "MagicMirror.Tests", "MagicMirror.Tests\MagicMirror.Tests.csproj", "{28EFFF3F-356F-47DC-BBCB-35FD80CE8CFC}"
EndProject
Global
	GlobalSection(SolutionConfigurationPlatforms) = preSolution
		Debug|Any CPU = Debug|Any CPU
		Release|Any CPU = Release|Any CPU
	EndGlobalSection
	GlobalSection(ProjectConfigurationPlatforms) = postSolution
		{F8E9B67D-8E51-4F05-9F9F-0774DD65CE97}.Debug|Any CPU.ActiveCfg = Debug|Any CPU
		{F8E9B67D-8E51-4F05-9F9F-0774DD65CE97}.Debug|Any CPU.Build.0 = Debug|Any CPU
		{F8E9B67D-8E51-4F05-9F9F-0774DD65CE97}.Release|Any CPU.ActiveCfg = Release|Any CPU
		{F8E9B67D-8E51-4F05-9F9F-0774DD65CE97}.Release|Any CPU.Build.0 = Release|Any CPU
		{9FF244EA-D3C8-40BE-B89C-CD6912DC0713}.Debug|Any CPU.ActiveCfg = Debug|Any CPU
		{9FF244EA-D3C8-40BE-B89C-CD6912DC0713}.Debug|Any CPU.Build.0 = Debug|Any CPU
		{9FF244EA-D3C8-40BE-B89C-CD6912DC0713}.Release|Any CPU.ActiveCfg = Release|Any CPU
		{9FF244EA-D3C8-40BE-B89C-CD6912DC0713}.Release|Any CPU.Build.0 = Release|Any CPU
		{2DC0B1C4-2F41-4CA9-9B46-22884D82F5C4}.Debug|Any CPU.ActiveCfg = Debug|Any CPU
		{2DC0B1C4-2F41-4CA9-9B46-22884D82F5C4}.Debug|Any CPU.Build.0 = Debug|Any CPU
		{2DC0B1C4-2F41-4CA9-9B46-22884D82F5C4}.Release|Any CPU.ActiveCfg = Release|Any CPU
		{2DC0B1C4-2F41-4CA9-9B46-22884D82F5C4}.Release|Any CPU.Build.0 = Release|Any CPU
		{28EFFF3F-356F-47DC-BBCB-35FD80CE8CFC}.Debug|Any CPU.ActiveCfg = Debug|Any CPU
		{28EFFF3F-356F-47DC-BBCB-35FD80CE8CFC}.Debug|Any CPU.Build.0 = Debug|Any CPU
		{28EFFF3F-356F-47DC-BBCB-35FD80CE8CFC}.Release|Any CPU.ActiveCfg = Release|Any CPU
		{28EFFF3F-356F-47DC-BBCB-35FD80CE8CFC}.Release|Any CPU.Build.0 = Release|Any CPU
	EndGlobalSection
	GlobalSection(SolutionProperties) = preSolution
		HideSolutionNode = FALSE
	EndGlobalSection
	GlobalSection(ExtensibilityGlobals) = postSolution
		SolutionGuid = {269C72C8-7705-4749-AA8A-8555D26D5453}
	EndGlobalSection
EndGlobal
