
Microsoft Visual Studio Solution File, Format Version 12.00
# Visual Studio Version 16
VisualStudioVersion = 16.0.30330.147
MinimumVisualStudioVersion = 10.0.40219.1
Project("{9A19103F-16F7-4668-BE54-9A1E7A4F7556}") = "MagicMirror.ConsoleApp", "MagicMirror.ConsoleApp\MagicMirror.ConsoleApp.csproj", "{F8E9B67D-8E51-4F05-9F9F-0774DD65CE97}"
EndProject
Project("{9A19103F-16F7-4668-BE54-9A1E7A4F7556}") = "MagicMirror.DataAccess", "MagicMirror.DataAccess\MagicMirror.DataAccess.csproj", "{9FF244EA-D3C8-40BE-B89C-CD6912DC0713}"
EndProject
Project("{9A19103F-16F7-4668-BE54-9A1E7A4F7556}") = "MagicMirror.DataAccess.Entities", "MagicMirror.DataAccess.Entities\MagicMirror.DataAccess.Entities.csproj", "{2DC0B1C4-2F41-4CA9-9B46-22884D82F5C4}"
EndProject
Project("{9A19103F-16F7-4668-BE54-9A1E7A4F7556}") = "MagicMirror.Tests", "MagicMirror.Tests\MagicMirror.Tests.csproj", "{C72D8EE3-6E53-4F9F-8FA7-E6BA10DBD1E0}"
EndProject
Project("{9A19103F-16F7-4668-BE54-9A1E7A4F7556}") = "MagicMirror.Business", "MagicMirror.Business\MagicMirror.Business.csproj", "{B18FF7A4-BCBE-41C3-901A-A4C9F84D26D3}"
EndProject
Project("{9A19103F-16F7-4668-BE54-9A1E7A4F7556}") = "Acme.Generic", "Acme.Generic\Acme.Generic.csproj", "{7D549F87-B245-443E-9D45-A6E094D55ECD}"
EndProject
Project("{9A19103F-16F7-4668-BE54-9A1E7A4F7556}") = "Acme.Generic.Tests", "Acme.Generic.Tests\Acme.Generic.Tests.csproj", "{072A6CFA-33C1-451A-B76A-796E07A09B2A}"
EndProject
Project("{FAE04EC0-301F-11D3-BF4B-00C04F79EFBC}") = "MagicMirror.UniversalApp", "MagicMirror.UniversalApp\MagicMirror.UniversalApp.csproj", "{BE655AB6-454D-4F5C-8818-78C90CB59BD2}"
	ProjectSection(ProjectDependencies) = postProject
		{7D549F87-B245-443E-9D45-A6E094D55ECD} = {7D549F87-B245-443E-9D45-A6E094D55ECD}
		{B18FF7A4-BCBE-41C3-901A-A4C9F84D26D3} = {B18FF7A4-BCBE-41C3-901A-A4C9F84D26D3}
	EndProjectSection
EndProject
Global
	GlobalSection(SolutionConfigurationPlatforms) = preSolution
		Debug|Any CPU = Debug|Any CPU
		Debug|ARM = Debug|ARM
		Debug|ARM64 = Debug|ARM64
		Debug|x64 = Debug|x64
		Debug|x86 = Debug|x86
		Release|Any CPU = Release|Any CPU
		Release|ARM = Release|ARM
		Release|ARM64 = Release|ARM64
		Release|x64 = Release|x64
		Release|x86 = Release|x86
	EndGlobalSection
	GlobalSection(ProjectConfigurationPlatforms) = postSolution
		{F8E9B67D-8E51-4F05-9F9F-0774DD65CE97}.Debug|Any CPU.ActiveCfg = Debug|Any CPU
		{F8E9B67D-8E51-4F05-9F9F-0774DD65CE97}.Debug|Any CPU.Build.0 = Debug|Any CPU
		{F8E9B67D-8E51-4F05-9F9F-0774DD65CE97}.Debug|ARM.ActiveCfg = Debug|Any CPU
		{F8E9B67D-8E51-4F05-9F9F-0774DD65CE97}.Debug|ARM.Build.0 = Debug|Any CPU
		{F8E9B67D-8E51-4F05-9F9F-0774DD65CE97}.Debug|ARM64.ActiveCfg = Debug|Any CPU
		{F8E9B67D-8E51-4F05-9F9F-0774DD65CE97}.Debug|ARM64.Build.0 = Debug|Any CPU
		{F8E9B67D-8E51-4F05-9F9F-0774DD65CE97}.Debug|x64.ActiveCfg = Debug|Any CPU
		{F8E9B67D-8E51-4F05-9F9F-0774DD65CE97}.Debug|x64.Build.0 = Debug|Any CPU
		{F8E9B67D-8E51-4F05-9F9F-0774DD65CE97}.Debug|x86.ActiveCfg = Debug|Any CPU
		{F8E9B67D-8E51-4F05-9F9F-0774DD65CE97}.Debug|x86.Build.0 = Debug|Any CPU
		{F8E9B67D-8E51-4F05-9F9F-0774DD65CE97}.Release|Any CPU.ActiveCfg = Release|Any CPU
		{F8E9B67D-8E51-4F05-9F9F-0774DD65CE97}.Release|Any CPU.Build.0 = Release|Any CPU
		{F8E9B67D-8E51-4F05-9F9F-0774DD65CE97}.Release|ARM.ActiveCfg = Release|Any CPU
		{F8E9B67D-8E51-4F05-9F9F-0774DD65CE97}.Release|ARM.Build.0 = Release|Any CPU
		{F8E9B67D-8E51-4F05-9F9F-0774DD65CE97}.Release|ARM64.ActiveCfg = Release|Any CPU
		{F8E9B67D-8E51-4F05-9F9F-0774DD65CE97}.Release|ARM64.Build.0 = Release|Any CPU
		{F8E9B67D-8E51-4F05-9F9F-0774DD65CE97}.Release|x64.ActiveCfg = Release|Any CPU
		{F8E9B67D-8E51-4F05-9F9F-0774DD65CE97}.Release|x64.Build.0 = Release|Any CPU
		{F8E9B67D-8E51-4F05-9F9F-0774DD65CE97}.Release|x86.ActiveCfg = Release|Any CPU
		{F8E9B67D-8E51-4F05-9F9F-0774DD65CE97}.Release|x86.Build.0 = Release|Any CPU
		{9FF244EA-D3C8-40BE-B89C-CD6912DC0713}.Debug|Any CPU.ActiveCfg = Debug|Any CPU
		{9FF244EA-D3C8-40BE-B89C-CD6912DC0713}.Debug|Any CPU.Build.0 = Debug|Any CPU
		{9FF244EA-D3C8-40BE-B89C-CD6912DC0713}.Debug|ARM.ActiveCfg = Debug|Any CPU
		{9FF244EA-D3C8-40BE-B89C-CD6912DC0713}.Debug|ARM.Build.0 = Debug|Any CPU
		{9FF244EA-D3C8-40BE-B89C-CD6912DC0713}.Debug|ARM64.ActiveCfg = Debug|Any CPU
		{9FF244EA-D3C8-40BE-B89C-CD6912DC0713}.Debug|ARM64.Build.0 = Debug|Any CPU
		{9FF244EA-D3C8-40BE-B89C-CD6912DC0713}.Debug|x64.ActiveCfg = Debug|Any CPU
		{9FF244EA-D3C8-40BE-B89C-CD6912DC0713}.Debug|x64.Build.0 = Debug|Any CPU
		{9FF244EA-D3C8-40BE-B89C-CD6912DC0713}.Debug|x86.ActiveCfg = Debug|Any CPU
		{9FF244EA-D3C8-40BE-B89C-CD6912DC0713}.Debug|x86.Build.0 = Debug|Any CPU
		{9FF244EA-D3C8-40BE-B89C-CD6912DC0713}.Release|Any CPU.ActiveCfg = Release|Any CPU
		{9FF244EA-D3C8-40BE-B89C-CD6912DC0713}.Release|Any CPU.Build.0 = Release|Any CPU
		{9FF244EA-D3C8-40BE-B89C-CD6912DC0713}.Release|ARM.ActiveCfg = Release|Any CPU
		{9FF244EA-D3C8-40BE-B89C-CD6912DC0713}.Release|ARM.Build.0 = Release|Any CPU
		{9FF244EA-D3C8-40BE-B89C-CD6912DC0713}.Release|ARM64.ActiveCfg = Release|Any CPU
		{9FF244EA-D3C8-40BE-B89C-CD6912DC0713}.Release|ARM64.Build.0 = Release|Any CPU
		{9FF244EA-D3C8-40BE-B89C-CD6912DC0713}.Release|x64.ActiveCfg = Release|Any CPU
		{9FF244EA-D3C8-40BE-B89C-CD6912DC0713}.Release|x64.Build.0 = Release|Any CPU
		{9FF244EA-D3C8-40BE-B89C-CD6912DC0713}.Release|x86.ActiveCfg = Release|Any CPU
		{9FF244EA-D3C8-40BE-B89C-CD6912DC0713}.Release|x86.Build.0 = Release|Any CPU
		{2DC0B1C4-2F41-4CA9-9B46-22884D82F5C4}.Debug|Any CPU.ActiveCfg = Debug|Any CPU
		{2DC0B1C4-2F41-4CA9-9B46-22884D82F5C4}.Debug|Any CPU.Build.0 = Debug|Any CPU
		{2DC0B1C4-2F41-4CA9-9B46-22884D82F5C4}.Debug|ARM.ActiveCfg = Debug|Any CPU
		{2DC0B1C4-2F41-4CA9-9B46-22884D82F5C4}.Debug|ARM.Build.0 = Debug|Any CPU
		{2DC0B1C4-2F41-4CA9-9B46-22884D82F5C4}.Debug|ARM64.ActiveCfg = Debug|Any CPU
		{2DC0B1C4-2F41-4CA9-9B46-22884D82F5C4}.Debug|ARM64.Build.0 = Debug|Any CPU
		{2DC0B1C4-2F41-4CA9-9B46-22884D82F5C4}.Debug|x64.ActiveCfg = Debug|Any CPU
		{2DC0B1C4-2F41-4CA9-9B46-22884D82F5C4}.Debug|x64.Build.0 = Debug|Any CPU
		{2DC0B1C4-2F41-4CA9-9B46-22884D82F5C4}.Debug|x86.ActiveCfg = Debug|Any CPU
		{2DC0B1C4-2F41-4CA9-9B46-22884D82F5C4}.Debug|x86.Build.0 = Debug|Any CPU
		{2DC0B1C4-2F41-4CA9-9B46-22884D82F5C4}.Release|Any CPU.ActiveCfg = Release|Any CPU
		{2DC0B1C4-2F41-4CA9-9B46-22884D82F5C4}.Release|Any CPU.Build.0 = Release|Any CPU
		{2DC0B1C4-2F41-4CA9-9B46-22884D82F5C4}.Release|ARM.ActiveCfg = Release|Any CPU
		{2DC0B1C4-2F41-4CA9-9B46-22884D82F5C4}.Release|ARM.Build.0 = Release|Any CPU
		{2DC0B1C4-2F41-4CA9-9B46-22884D82F5C4}.Release|ARM64.ActiveCfg = Release|Any CPU
		{2DC0B1C4-2F41-4CA9-9B46-22884D82F5C4}.Release|ARM64.Build.0 = Release|Any CPU
		{2DC0B1C4-2F41-4CA9-9B46-22884D82F5C4}.Release|x64.ActiveCfg = Release|Any CPU
		{2DC0B1C4-2F41-4CA9-9B46-22884D82F5C4}.Release|x64.Build.0 = Release|Any CPU
		{2DC0B1C4-2F41-4CA9-9B46-22884D82F5C4}.Release|x86.ActiveCfg = Release|Any CPU
		{2DC0B1C4-2F41-4CA9-9B46-22884D82F5C4}.Release|x86.Build.0 = Release|Any CPU
		{C72D8EE3-6E53-4F9F-8FA7-E6BA10DBD1E0}.Debug|Any CPU.ActiveCfg = Debug|Any CPU
		{C72D8EE3-6E53-4F9F-8FA7-E6BA10DBD1E0}.Debug|Any CPU.Build.0 = Debug|Any CPU
		{C72D8EE3-6E53-4F9F-8FA7-E6BA10DBD1E0}.Debug|ARM.ActiveCfg = Debug|Any CPU
		{C72D8EE3-6E53-4F9F-8FA7-E6BA10DBD1E0}.Debug|ARM.Build.0 = Debug|Any CPU
		{C72D8EE3-6E53-4F9F-8FA7-E6BA10DBD1E0}.Debug|ARM64.ActiveCfg = Debug|Any CPU
		{C72D8EE3-6E53-4F9F-8FA7-E6BA10DBD1E0}.Debug|ARM64.Build.0 = Debug|Any CPU
		{C72D8EE3-6E53-4F9F-8FA7-E6BA10DBD1E0}.Debug|x64.ActiveCfg = Debug|Any CPU
		{C72D8EE3-6E53-4F9F-8FA7-E6BA10DBD1E0}.Debug|x64.Build.0 = Debug|Any CPU
		{C72D8EE3-6E53-4F9F-8FA7-E6BA10DBD1E0}.Debug|x86.ActiveCfg = Debug|Any CPU
		{C72D8EE3-6E53-4F9F-8FA7-E6BA10DBD1E0}.Debug|x86.Build.0 = Debug|Any CPU
		{C72D8EE3-6E53-4F9F-8FA7-E6BA10DBD1E0}.Release|Any CPU.ActiveCfg = Release|Any CPU
		{C72D8EE3-6E53-4F9F-8FA7-E6BA10DBD1E0}.Release|Any CPU.Build.0 = Release|Any CPU
		{C72D8EE3-6E53-4F9F-8FA7-E6BA10DBD1E0}.Release|ARM.ActiveCfg = Release|Any CPU
		{C72D8EE3-6E53-4F9F-8FA7-E6BA10DBD1E0}.Release|ARM.Build.0 = Release|Any CPU
		{C72D8EE3-6E53-4F9F-8FA7-E6BA10DBD1E0}.Release|ARM64.ActiveCfg = Release|Any CPU
		{C72D8EE3-6E53-4F9F-8FA7-E6BA10DBD1E0}.Release|ARM64.Build.0 = Release|Any CPU
		{C72D8EE3-6E53-4F9F-8FA7-E6BA10DBD1E0}.Release|x64.ActiveCfg = Release|Any CPU
		{C72D8EE3-6E53-4F9F-8FA7-E6BA10DBD1E0}.Release|x64.Build.0 = Release|Any CPU
		{C72D8EE3-6E53-4F9F-8FA7-E6BA10DBD1E0}.Release|x86.ActiveCfg = Release|Any CPU
		{C72D8EE3-6E53-4F9F-8FA7-E6BA10DBD1E0}.Release|x86.Build.0 = Release|Any CPU
		{B18FF7A4-BCBE-41C3-901A-A4C9F84D26D3}.Debug|Any CPU.ActiveCfg = Debug|Any CPU
		{B18FF7A4-BCBE-41C3-901A-A4C9F84D26D3}.Debug|Any CPU.Build.0 = Debug|Any CPU
		{B18FF7A4-BCBE-41C3-901A-A4C9F84D26D3}.Debug|ARM.ActiveCfg = Debug|Any CPU
		{B18FF7A4-BCBE-41C3-901A-A4C9F84D26D3}.Debug|ARM.Build.0 = Debug|Any CPU
		{B18FF7A4-BCBE-41C3-901A-A4C9F84D26D3}.Debug|ARM64.ActiveCfg = Debug|Any CPU
		{B18FF7A4-BCBE-41C3-901A-A4C9F84D26D3}.Debug|ARM64.Build.0 = Debug|Any CPU
		{B18FF7A4-BCBE-41C3-901A-A4C9F84D26D3}.Debug|x64.ActiveCfg = Debug|Any CPU
		{B18FF7A4-BCBE-41C3-901A-A4C9F84D26D3}.Debug|x64.Build.0 = Debug|Any CPU
		{B18FF7A4-BCBE-41C3-901A-A4C9F84D26D3}.Debug|x86.ActiveCfg = Debug|Any CPU
		{B18FF7A4-BCBE-41C3-901A-A4C9F84D26D3}.Debug|x86.Build.0 = Debug|Any CPU
		{B18FF7A4-BCBE-41C3-901A-A4C9F84D26D3}.Release|Any CPU.ActiveCfg = Release|Any CPU
		{B18FF7A4-BCBE-41C3-901A-A4C9F84D26D3}.Release|Any CPU.Build.0 = Release|Any CPU
		{B18FF7A4-BCBE-41C3-901A-A4C9F84D26D3}.Release|ARM.ActiveCfg = Release|Any CPU
		{B18FF7A4-BCBE-41C3-901A-A4C9F84D26D3}.Release|ARM.Build.0 = Release|Any CPU
		{B18FF7A4-BCBE-41C3-901A-A4C9F84D26D3}.Release|ARM64.ActiveCfg = Release|Any CPU
		{B18FF7A4-BCBE-41C3-901A-A4C9F84D26D3}.Release|ARM64.Build.0 = Release|Any CPU
		{B18FF7A4-BCBE-41C3-901A-A4C9F84D26D3}.Release|x64.ActiveCfg = Release|Any CPU
		{B18FF7A4-BCBE-41C3-901A-A4C9F84D26D3}.Release|x64.Build.0 = Release|Any CPU
		{B18FF7A4-BCBE-41C3-901A-A4C9F84D26D3}.Release|x86.ActiveCfg = Release|Any CPU
		{B18FF7A4-BCBE-41C3-901A-A4C9F84D26D3}.Release|x86.Build.0 = Release|Any CPU
		{7D549F87-B245-443E-9D45-A6E094D55ECD}.Debug|Any CPU.ActiveCfg = Debug|Any CPU
		{7D549F87-B245-443E-9D45-A6E094D55ECD}.Debug|Any CPU.Build.0 = Debug|Any CPU
		{7D549F87-B245-443E-9D45-A6E094D55ECD}.Debug|ARM.ActiveCfg = Debug|Any CPU
		{7D549F87-B245-443E-9D45-A6E094D55ECD}.Debug|ARM.Build.0 = Debug|Any CPU
		{7D549F87-B245-443E-9D45-A6E094D55ECD}.Debug|ARM64.ActiveCfg = Debug|Any CPU
		{7D549F87-B245-443E-9D45-A6E094D55ECD}.Debug|ARM64.Build.0 = Debug|Any CPU
		{7D549F87-B245-443E-9D45-A6E094D55ECD}.Debug|x64.ActiveCfg = Debug|Any CPU
		{7D549F87-B245-443E-9D45-A6E094D55ECD}.Debug|x64.Build.0 = Debug|Any CPU
		{7D549F87-B245-443E-9D45-A6E094D55ECD}.Debug|x86.ActiveCfg = Debug|Any CPU
		{7D549F87-B245-443E-9D45-A6E094D55ECD}.Debug|x86.Build.0 = Debug|Any CPU
		{7D549F87-B245-443E-9D45-A6E094D55ECD}.Release|Any CPU.ActiveCfg = Release|Any CPU
		{7D549F87-B245-443E-9D45-A6E094D55ECD}.Release|Any CPU.Build.0 = Release|Any CPU
		{7D549F87-B245-443E-9D45-A6E094D55ECD}.Release|ARM.ActiveCfg = Release|Any CPU
		{7D549F87-B245-443E-9D45-A6E094D55ECD}.Release|ARM.Build.0 = Release|Any CPU
		{7D549F87-B245-443E-9D45-A6E094D55ECD}.Release|ARM64.ActiveCfg = Release|Any CPU
		{7D549F87-B245-443E-9D45-A6E094D55ECD}.Release|ARM64.Build.0 = Release|Any CPU
		{7D549F87-B245-443E-9D45-A6E094D55ECD}.Release|x64.ActiveCfg = Release|Any CPU
		{7D549F87-B245-443E-9D45-A6E094D55ECD}.Release|x64.Build.0 = Release|Any CPU
		{7D549F87-B245-443E-9D45-A6E094D55ECD}.Release|x86.ActiveCfg = Release|Any CPU
		{7D549F87-B245-443E-9D45-A6E094D55ECD}.Release|x86.Build.0 = Release|Any CPU
		{072A6CFA-33C1-451A-B76A-796E07A09B2A}.Debug|Any CPU.ActiveCfg = Debug|Any CPU
		{072A6CFA-33C1-451A-B76A-796E07A09B2A}.Debug|Any CPU.Build.0 = Debug|Any CPU
		{072A6CFA-33C1-451A-B76A-796E07A09B2A}.Debug|ARM.ActiveCfg = Debug|Any CPU
		{072A6CFA-33C1-451A-B76A-796E07A09B2A}.Debug|ARM.Build.0 = Debug|Any CPU
		{072A6CFA-33C1-451A-B76A-796E07A09B2A}.Debug|ARM64.ActiveCfg = Debug|Any CPU
		{072A6CFA-33C1-451A-B76A-796E07A09B2A}.Debug|ARM64.Build.0 = Debug|Any CPU
		{072A6CFA-33C1-451A-B76A-796E07A09B2A}.Debug|x64.ActiveCfg = Debug|Any CPU
		{072A6CFA-33C1-451A-B76A-796E07A09B2A}.Debug|x64.Build.0 = Debug|Any CPU
		{072A6CFA-33C1-451A-B76A-796E07A09B2A}.Debug|x86.ActiveCfg = Debug|Any CPU
		{072A6CFA-33C1-451A-B76A-796E07A09B2A}.Debug|x86.Build.0 = Debug|Any CPU
		{072A6CFA-33C1-451A-B76A-796E07A09B2A}.Release|Any CPU.ActiveCfg = Release|Any CPU
		{072A6CFA-33C1-451A-B76A-796E07A09B2A}.Release|Any CPU.Build.0 = Release|Any CPU
		{072A6CFA-33C1-451A-B76A-796E07A09B2A}.Release|ARM.ActiveCfg = Release|Any CPU
		{072A6CFA-33C1-451A-B76A-796E07A09B2A}.Release|ARM.Build.0 = Release|Any CPU
		{072A6CFA-33C1-451A-B76A-796E07A09B2A}.Release|ARM64.ActiveCfg = Release|Any CPU
		{072A6CFA-33C1-451A-B76A-796E07A09B2A}.Release|ARM64.Build.0 = Release|Any CPU
		{072A6CFA-33C1-451A-B76A-796E07A09B2A}.Release|x64.ActiveCfg = Release|Any CPU
		{072A6CFA-33C1-451A-B76A-796E07A09B2A}.Release|x64.Build.0 = Release|Any CPU
		{072A6CFA-33C1-451A-B76A-796E07A09B2A}.Release|x86.ActiveCfg = Release|Any CPU
		{072A6CFA-33C1-451A-B76A-796E07A09B2A}.Release|x86.Build.0 = Release|Any CPU
		{BE655AB6-454D-4F5C-8818-78C90CB59BD2}.Debug|Any CPU.ActiveCfg = Debug|x86
		{BE655AB6-454D-4F5C-8818-78C90CB59BD2}.Debug|Any CPU.Build.0 = Debug|x86
		{BE655AB6-454D-4F5C-8818-78C90CB59BD2}.Debug|Any CPU.Deploy.0 = Debug|x86
		{BE655AB6-454D-4F5C-8818-78C90CB59BD2}.Debug|ARM.ActiveCfg = Debug|ARM
		{BE655AB6-454D-4F5C-8818-78C90CB59BD2}.Debug|ARM.Build.0 = Debug|ARM
		{BE655AB6-454D-4F5C-8818-78C90CB59BD2}.Debug|ARM.Deploy.0 = Debug|ARM
		{BE655AB6-454D-4F5C-8818-78C90CB59BD2}.Debug|ARM64.ActiveCfg = Debug|ARM64
		{BE655AB6-454D-4F5C-8818-78C90CB59BD2}.Debug|ARM64.Build.0 = Debug|ARM64
		{BE655AB6-454D-4F5C-8818-78C90CB59BD2}.Debug|ARM64.Deploy.0 = Debug|ARM64
		{BE655AB6-454D-4F5C-8818-78C90CB59BD2}.Debug|x64.ActiveCfg = Debug|x64
		{BE655AB6-454D-4F5C-8818-78C90CB59BD2}.Debug|x64.Build.0 = Debug|x64
		{BE655AB6-454D-4F5C-8818-78C90CB59BD2}.Debug|x64.Deploy.0 = Debug|x64
		{BE655AB6-454D-4F5C-8818-78C90CB59BD2}.Debug|x86.ActiveCfg = Debug|x86
		{BE655AB6-454D-4F5C-8818-78C90CB59BD2}.Debug|x86.Build.0 = Debug|x86
		{BE655AB6-454D-4F5C-8818-78C90CB59BD2}.Debug|x86.Deploy.0 = Debug|x86
		{BE655AB6-454D-4F5C-8818-78C90CB59BD2}.Release|Any CPU.ActiveCfg = Release|x86
		{BE655AB6-454D-4F5C-8818-78C90CB59BD2}.Release|ARM.ActiveCfg = Release|ARM
		{BE655AB6-454D-4F5C-8818-78C90CB59BD2}.Release|ARM.Build.0 = Release|ARM
		{BE655AB6-454D-4F5C-8818-78C90CB59BD2}.Release|ARM.Deploy.0 = Release|ARM
		{BE655AB6-454D-4F5C-8818-78C90CB59BD2}.Release|ARM64.ActiveCfg = Release|ARM64
		{BE655AB6-454D-4F5C-8818-78C90CB59BD2}.Release|ARM64.Build.0 = Release|ARM64
		{BE655AB6-454D-4F5C-8818-78C90CB59BD2}.Release|ARM64.Deploy.0 = Release|ARM64
		{BE655AB6-454D-4F5C-8818-78C90CB59BD2}.Release|x64.ActiveCfg = Release|x64
		{BE655AB6-454D-4F5C-8818-78C90CB59BD2}.Release|x64.Build.0 = Release|x64
		{BE655AB6-454D-4F5C-8818-78C90CB59BD2}.Release|x64.Deploy.0 = Release|x64
		{BE655AB6-454D-4F5C-8818-78C90CB59BD2}.Release|x86.ActiveCfg = Release|x86
		{BE655AB6-454D-4F5C-8818-78C90CB59BD2}.Release|x86.Build.0 = Release|x86
		{BE655AB6-454D-4F5C-8818-78C90CB59BD2}.Release|x86.Deploy.0 = Release|x86
	EndGlobalSection
	GlobalSection(SolutionProperties) = preSolution
		HideSolutionNode = FALSE
	EndGlobalSection
	GlobalSection(ExtensibilityGlobals) = postSolution
		SolutionGuid = {269C72C8-7705-4749-AA8A-8555D26D5453}
	EndGlobalSection
EndGlobal
